
Microsoft Visual Studio Solution File, Format Version 12.00
# Visual Studio 15
VisualStudioVersion = 15.0.26403.7
MinimumVisualStudioVersion = 10.0.40219.1
Project("{FAE04EC0-301F-11D3-BF4B-00C04F79EFBC}") = "ConsoleOLD", "ConsoleOLD\ConsoleOLD.csproj", "{360C2FCD-B42C-44A3-B1E5-7D3F0D7227A1}"
EndProject
Project("{FAE04EC0-301F-11D3-BF4B-00C04F79EFBC}") = "ConsoleOLD.Common", "ConsoleOLD.Common\ConsoleOLD.Common.csproj", "{1F4775FA-1DC8-4F66-80F4-BEB1C9DA9138}"
EndProject
Project("{FAE04EC0-301F-11D3-BF4B-00C04F79EFBC}") = "ConsoleOLD.BussinessLogic", "ConsoleOLD.BussinessLogic\ConsoleOLD.BussinessLogic.csproj", "{C9E5D1BE-F2F8-402C-A33D-6F1C7C58EBA8}"
EndProject
Project("{FAE04EC0-301F-11D3-BF4B-00C04F79EFBC}") = "ConsoleOLD.DataAccess", "ConsoleOLD.DataAccess\ConsoleOLD.DataAccess.csproj", "{7384EE74-EA74-45E6-9173-6A108F34AD3E}"
EndProject
Global
	GlobalSection(SolutionConfigurationPlatforms) = preSolution
		Debug|Any CPU = Debug|Any CPU
		Release|Any CPU = Release|Any CPU
	EndGlobalSection
	GlobalSection(ProjectConfigurationPlatforms) = postSolution
		{360C2FCD-B42C-44A3-B1E5-7D3F0D7227A1}.Debug|Any CPU.ActiveCfg = Debug|Any CPU
		{360C2FCD-B42C-44A3-B1E5-7D3F0D7227A1}.Debug|Any CPU.Build.0 = Debug|Any CPU
		{360C2FCD-B42C-44A3-B1E5-7D3F0D7227A1}.Release|Any CPU.ActiveCfg = Release|Any CPU
		{360C2FCD-B42C-44A3-B1E5-7D3F0D7227A1}.Release|Any CPU.Build.0 = Release|Any CPU
		{1F4775FA-1DC8-4F66-80F4-BEB1C9DA9138}.Debug|Any CPU.ActiveCfg = Debug|Any CPU
		{1F4775FA-1DC8-4F66-80F4-BEB1C9DA9138}.Debug|Any CPU.Build.0 = Debug|Any CPU
		{1F4775FA-1DC8-4F66-80F4-BEB1C9DA9138}.Release|Any CPU.ActiveCfg = Release|Any CPU
		{1F4775FA-1DC8-4F66-80F4-BEB1C9DA9138}.Release|Any CPU.Build.0 = Release|Any CPU
		{C9E5D1BE-F2F8-402C-A33D-6F1C7C58EBA8}.Debug|Any CPU.ActiveCfg = Debug|Any CPU
		{C9E5D1BE-F2F8-402C-A33D-6F1C7C58EBA8}.Debug|Any CPU.Build.0 = Debug|Any CPU
		{C9E5D1BE-F2F8-402C-A33D-6F1C7C58EBA8}.Release|Any CPU.ActiveCfg = Release|Any CPU
		{C9E5D1BE-F2F8-402C-A33D-6F1C7C58EBA8}.Release|Any CPU.Build.0 = Release|Any CPU
		{7384EE74-EA74-45E6-9173-6A108F34AD3E}.Debug|Any CPU.ActiveCfg = Debug|Any CPU
		{7384EE74-EA74-45E6-9173-6A108F34AD3E}.Debug|Any CPU.Build.0 = Debug|Any CPU
		{7384EE74-EA74-45E6-9173-6A108F34AD3E}.Release|Any CPU.ActiveCfg = Release|Any CPU
		{7384EE74-EA74-45E6-9173-6A108F34AD3E}.Release|Any CPU.Build.0 = Release|Any CPU
	EndGlobalSection
	GlobalSection(SolutionProperties) = preSolution
		HideSolutionNode = FALSE
	EndGlobalSection
EndGlobal
